
Microsoft Visual Studio Solution File, Format Version 12.00
# Visual Studio Version 17
VisualStudioVersion = 17.10.35004.147
MinimumVisualStudioVersion = 10.0.40219.1
Project("{FAE04EC0-301F-11D3-BF4B-00C04F79EFBC}") = "Sitema_Trinipan", "Sitema_Trinipan\Sitema_Trinipan.csproj", "{496AC2D6-ECC2-4DB6-8372-6013D667002E}"
EndProject
Project("{FAE04EC0-301F-11D3-BF4B-00C04F79EFBC}") = "LibreriaDLL", "LibreriaDLL\LibreriaDLL.csproj", "{D406CD83-A2DB-47A0-AB99-ED75A5C44267}"
EndProject
Global
	GlobalSection(SolutionConfigurationPlatforms) = preSolution
		Debug|Any CPU = Debug|Any CPU
		Release|Any CPU = Release|Any CPU
	EndGlobalSection
	GlobalSection(ProjectConfigurationPlatforms) = postSolution
		{496AC2D6-ECC2-4DB6-8372-6013D667002E}.Debug|Any CPU.ActiveCfg = Debug|Any CPU
		{496AC2D6-ECC2-4DB6-8372-6013D667002E}.Debug|Any CPU.Build.0 = Debug|Any CPU
		{496AC2D6-ECC2-4DB6-8372-6013D667002E}.Release|Any CPU.ActiveCfg = Release|Any CPU
		{496AC2D6-ECC2-4DB6-8372-6013D667002E}.Release|Any CPU.Build.0 = Release|Any CPU
		{D406CD83-A2DB-47A0-AB99-ED75A5C44267}.Debug|Any CPU.ActiveCfg = Debug|Any CPU
		{D406CD83-A2DB-47A0-AB99-ED75A5C44267}.Debug|Any CPU.Build.0 = Debug|Any CPU
		{D406CD83-A2DB-47A0-AB99-ED75A5C44267}.Release|Any CPU.ActiveCfg = Release|Any CPU
		{D406CD83-A2DB-47A0-AB99-ED75A5C44267}.Release|Any CPU.Build.0 = Release|Any CPU
	EndGlobalSection
	GlobalSection(SolutionProperties) = preSolution
		HideSolutionNode = FALSE
	EndGlobalSection
	GlobalSection(ExtensibilityGlobals) = postSolution
		SolutionGuid = {51B34A5A-B14F-4657-A01D-BE6347654B67}
	EndGlobalSection
EndGlobal
